
Microsoft Visual Studio Solution File, Format Version 12.00
# Visual Studio 2012
Project("{FAE04EC0-301F-11D3-BF4B-00C04F79EFBC}") = "BatchFileRename", "BatchFileRename\BatchFileRename.csproj", "{06A208D3-0AD3-406C-9E2E-8BEA847E513E}"
EndProject
Global
	GlobalSection(SolutionConfigurationPlatforms) = preSolution
		Debug|Any CPU = Debug|Any CPU
		Release|Any CPU = Release|Any CPU
	EndGlobalSection
	GlobalSection(ProjectConfigurationPlatforms) = postSolution
		{06A208D3-0AD3-406C-9E2E-8BEA847E513E}.Debug|Any CPU.ActiveCfg = Debug|Any CPU
		{06A208D3-0AD3-406C-9E2E-8BEA847E513E}.Debug|Any CPU.Build.0 = Debug|Any CPU
		{06A208D3-0AD3-406C-9E2E-8BEA847E513E}.Release|Any CPU.ActiveCfg = Release|Any CPU
		{06A208D3-0AD3-406C-9E2E-8BEA847E513E}.Release|Any CPU.Build.0 = Release|Any CPU
	EndGlobalSection
	GlobalSection(SolutionProperties) = preSolution
		HideSolutionNode = FALSE
	EndGlobalSection
EndGlobal
